
Microsoft Visual Studio Solution File, Format Version 12.00
# Visual Studio 15
VisualStudioVersion = 15.0.27428.2037
MinimumVisualStudioVersion = 10.0.40219.1
Project("{FAE04EC0-301F-11D3-BF4B-00C04F79EFBC}") = "MonthlyBudgets", "MonthlyBudgets\MonthlyBudgets.csproj", "{91E93A72-70AF-4FEF-9956-07D63ED402BC}"
EndProject
Global
	GlobalSection(SolutionConfigurationPlatforms) = preSolution
		Debug|Any CPU = Debug|Any CPU
		Release|Any CPU = Release|Any CPU
	EndGlobalSection
	GlobalSection(ProjectConfigurationPlatforms) = postSolution
		{91E93A72-70AF-4FEF-9956-07D63ED402BC}.Debug|Any CPU.ActiveCfg = Debug|Any CPU
		{91E93A72-70AF-4FEF-9956-07D63ED402BC}.Debug|Any CPU.Build.0 = Debug|Any CPU
		{91E93A72-70AF-4FEF-9956-07D63ED402BC}.Release|Any CPU.ActiveCfg = Release|Any CPU
		{91E93A72-70AF-4FEF-9956-07D63ED402BC}.Release|Any CPU.Build.0 = Release|Any CPU
	EndGlobalSection
	GlobalSection(SolutionProperties) = preSolution
		HideSolutionNode = FALSE
	EndGlobalSection
	GlobalSection(ExtensibilityGlobals) = postSolution
		SolutionGuid = {7C5A242B-77F9-4A37-9E3D-16F76040E1B5}
	EndGlobalSection
EndGlobal
